// !$*UTF8*$!
{
	archiveVersion = 1;
	classes = {
	};
	objectVersion = 50;
	objects = {

/* Begin PBXBuildFile section */
		3585DB172646878900992750 /* Constants .swift in Sources */ = {isa = PBXBuildFile; fileRef = 3585DB162646878900992750 /* Constants .swift */; };
		35FDAC8426452C5700306E83 /* DevoteApp.swift in Sources */ = {isa = PBXBuildFile; fileRef = 35FDAC8326452C5700306E83 /* DevoteApp.swift */; };
		35FDAC8626452C5700306E83 /* ContentView.swift in Sources */ = {isa = PBXBuildFile; fileRef = 35FDAC8526452C5700306E83 /* ContentView.swift */; };
		35FDAC8826452C5A00306E83 /* Assets.xcassets in Resources */ = {isa = PBXBuildFile; fileRef = 35FDAC8726452C5A00306E83 /* Assets.xcassets */; };
		35FDAC8B26452C5A00306E83 /* Preview Assets.xcassets in Resources */ = {isa = PBXBuildFile; fileRef = 35FDAC8A26452C5A00306E83 /* Preview Assets.xcassets */; };
		35FDAC8D26452C5A00306E83 /* Persistence.swift in Sources */ = {isa = PBXBuildFile; fileRef = 35FDAC8C26452C5A00306E83 /* Persistence.swift */; };
		35FDAC9026452C5A00306E83 /* Devote.xcdatamodeld in Sources */ = {isa = PBXBuildFile; fileRef = 35FDAC8E26452C5A00306E83 /* Devote.xcdatamodeld */; };
		35FDAC9A26452DAA00306E83 /* sound-ding.mp3 in Resources */ = {isa = PBXBuildFile; fileRef = 35FDAC9726452DAA00306E83 /* sound-ding.mp3 */; };
		35FDAC9B26452DAA00306E83 /* sound-rise.mp3 in Resources */ = {isa = PBXBuildFile; fileRef = 35FDAC9826452DAA00306E83 /* sound-rise.mp3 */; };
		35FDAC9C26452DAA00306E83 /* sound-tap.mp3 in Resources */ = {isa = PBXBuildFile; fileRef = 35FDAC9926452DAA00306E83 /* sound-tap.mp3 */; };
/* End PBXBuildFile section */

/* Begin PBXFileReference section */
		3585DB162646878900992750 /* Constants .swift */ = {isa = PBXFileReference; lastKnownFileType = sourcecode.swift; path = "Constants .swift"; sourceTree = "<group>"; };
		35FDAC8026452C5700306E83 /* Devote.app */ = {isa = PBXFileReference; explicitFileType = wrapper.application; includeInIndex = 0; path = Devote.app; sourceTree = BUILT_PRODUCTS_DIR; };
		35FDAC8326452C5700306E83 /* DevoteApp.swift */ = {isa = PBXFileReference; lastKnownFileType = sourcecode.swift; path = DevoteApp.swift; sourceTree = "<group>"; };
		35FDAC8526452C5700306E83 /* ContentView.swift */ = {isa = PBXFileReference; lastKnownFileType = sourcecode.swift; path = ContentView.swift; sourceTree = "<group>"; };
		35FDAC8726452C5A00306E83 /* Assets.xcassets */ = {isa = PBXFileReference; lastKnownFileType = folder.assetcatalog; path = Assets.xcassets; sourceTree = "<group>"; };
		35FDAC8A26452C5A00306E83 /* Preview Assets.xcassets */ = {isa = PBXFileReference; lastKnownFileType = folder.assetcatalog; path = "Preview Assets.xcassets"; sourceTree = "<group>"; };
		35FDAC8C26452C5A00306E83 /* Persistence.swift */ = {isa = PBXFileReference; lastKnownFileType = sourcecode.swift; path = Persistence.swift; sourceTree = "<group>"; };
		35FDAC8F26452C5A00306E83 /* Devote.xcdatamodel */ = {isa = PBXFileReference; lastKnownFileType = wrapper.xcdatamodel; path = Devote.xcdatamodel; sourceTree = "<group>"; };
		35FDAC9126452C5A00306E83 /* Info.plist */ = {isa = PBXFileReference; lastKnownFileType = text.plist.xml; path = Info.plist; sourceTree = "<group>"; };
		35FDAC9726452DAA00306E83 /* sound-ding.mp3 */ = {isa = PBXFileReference; lastKnownFileType = audio.mp3; path = "sound-ding.mp3"; sourceTree = "<group>"; };
		35FDAC9826452DAA00306E83 /* sound-rise.mp3 */ = {isa = PBXFileReference; lastKnownFileType = audio.mp3; path = "sound-rise.mp3"; sourceTree = "<group>"; };
		35FDAC9926452DAA00306E83 /* sound-tap.mp3 */ = {isa = PBXFileReference; lastKnownFileType = audio.mp3; path = "sound-tap.mp3"; sourceTree = "<group>"; };
/* End PBXFileReference section */

/* Begin PBXFrameworksBuildPhase section */
		35FDAC7D26452C5700306E83 /* Frameworks */ = {
			isa = PBXFrameworksBuildPhase;
			buildActionMask = 2147483647;
			files = (
			);
			runOnlyForDeploymentPostprocessing = 0;
		};
/* End PBXFrameworksBuildPhase section */

/* Begin PBXGroup section */
		35FDAC7726452C5700306E83 = {
			isa = PBXGroup;
			children = (
				35FDAC8226452C5700306E83 /* Devote */,
				35FDAC8126452C5700306E83 /* Products */,
			);
			sourceTree = "<group>";
		};
		35FDAC8126452C5700306E83 /* Products */ = {
			isa = PBXGroup;
			children = (
				35FDAC8026452C5700306E83 /* Devote.app */,
			);
			name = Products;
			sourceTree = "<group>";
		};
		35FDAC8226452C5700306E83 /* Devote */ = {
			isa = PBXGroup;
			children = (
				35FDACA226452E1C00306E83 /* Style */,
				35FDACA126452DEB00306E83 /* Utility */,
				35FDACA026452DDD00306E83 /* Extension */,
				35FDAC9D26452DBA00306E83 /* Sound */,
				35FDAC9F26452DCE00306E83 /* App */,
				35FDAC9E26452DC700306E83 /* View */,
				35FDAC8726452C5A00306E83 /* Assets.xcassets */,
				35FDACA326452E2900306E83 /* Model */,
				35FDAC9126452C5A00306E83 /* Info.plist */,
				35FDAC8926452C5A00306E83 /* Preview Content */,
			);
			path = Devote;
			sourceTree = "<group>";
		};
		35FDAC8926452C5A00306E83 /* Preview Content */ = {
			isa = PBXGroup;
			children = (
				35FDAC8A26452C5A00306E83 /* Preview Assets.xcassets */,
			);
			path = "Preview Content";
			sourceTree = "<group>";
		};
		35FDAC9D26452DBA00306E83 /* Sound */ = {
			isa = PBXGroup;
			children = (
				35FDAC9726452DAA00306E83 /* sound-ding.mp3 */,
				35FDAC9826452DAA00306E83 /* sound-rise.mp3 */,
				35FDAC9926452DAA00306E83 /* sound-tap.mp3 */,
			);
			path = Sound;
			sourceTree = "<group>";
		};
		35FDAC9E26452DC700306E83 /* View */ = {
			isa = PBXGroup;
			children = (
				35FDAC8526452C5700306E83 /* ContentView.swift */,
			);
			path = View;
			sourceTree = "<group>";
		};
		35FDAC9F26452DCE00306E83 /* App */ = {
			isa = PBXGroup;
			children = (
				35FDAC8326452C5700306E83 /* DevoteApp.swift */,
			);
			path = App;
			sourceTree = "<group>";
		};
		35FDACA026452DDD00306E83 /* Extension */ = {
			isa = PBXGroup;
			children = (
			);
			path = Extension;
			sourceTree = "<group>";
		};
		35FDACA126452DEB00306E83 /* Utility */ = {
			isa = PBXGroup;
			children = (
				3585DB162646878900992750 /* Constants .swift */,
			);
			path = Utility;
			sourceTree = "<group>";
		};
		35FDACA226452E1C00306E83 /* Style */ = {
			isa = PBXGroup;
			children = (
			);
			path = Style;
			sourceTree = "<group>";
		};
		35FDACA326452E2900306E83 /* Model */ = {
			isa = PBXGroup;
			children = (
				35FDAC8C26452C5A00306E83 /* Persistence.swift */,
				35FDAC8E26452C5A00306E83 /* Devote.xcdatamodeld */,
			);
			path = Model;
			sourceTree = "<group>";
		};
/* End PBXGroup section */

/* Begin PBXNativeTarget section */
		35FDAC7F26452C5700306E83 /* Devote */ = {
			isa = PBXNativeTarget;
			buildConfigurationList = 35FDAC9426452C5A00306E83 /* Build configuration list for PBXNativeTarget "Devote" */;
			buildPhases = (
				35FDAC7C26452C5700306E83 /* Sources */,
				35FDAC7D26452C5700306E83 /* Frameworks */,
				35FDAC7E26452C5700306E83 /* Resources */,
			);
			buildRules = (
			);
			dependencies = (
			);
			name = Devote;
			productName = Devote;
			productReference = 35FDAC8026452C5700306E83 /* Devote.app */;
			productType = "com.apple.product-type.application";
		};
/* End PBXNativeTarget section */

/* Begin PBXProject section */
		35FDAC7826452C5700306E83 /* Project object */ = {
			isa = PBXProject;
			attributes = {
				LastSwiftUpdateCheck = 1250;
				LastUpgradeCheck = 1250;
				TargetAttributes = {
					35FDAC7F26452C5700306E83 = {
						CreatedOnToolsVersion = 12.5;
					};
				};
			};
			buildConfigurationList = 35FDAC7B26452C5700306E83 /* Build configuration list for PBXProject "Devote" */;
			compatibilityVersion = "Xcode 9.3";
			developmentRegion = en;
			hasScannedForEncodings = 0;
			knownRegions = (
				en,
				Base,
			);
			mainGroup = 35FDAC7726452C5700306E83;
			productRefGroup = 35FDAC8126452C5700306E83 /* Products */;
			projectDirPath = "";
			projectRoot = "";
			targets = (
				35FDAC7F26452C5700306E83 /* Devote */,
			);
		};
/* End PBXProject section */

/* Begin PBXResourcesBuildPhase section */
		35FDAC7E26452C5700306E83 /* Resources */ = {
			isa = PBXResourcesBuildPhase;
			buildActionMask = 2147483647;
			files = (
				35FDAC8B26452C5A00306E83 /* Preview Assets.xcassets in Resources */,
				35FDAC9B26452DAA00306E83 /* sound-rise.mp3 in Resources */,
				35FDAC8826452C5A00306E83 /* Assets.xcassets in Resources */,
				35FDAC9C26452DAA00306E83 /* sound-tap.mp3 in Resources */,
				35FDAC9A26452DAA00306E83 /* sound-ding.mp3 in Resources */,
			);
			runOnlyForDeploymentPostprocessing = 0;
		};
/* End PBXResourcesBuildPhase section */

/* Begin PBXSourcesBuildPhase section */
		35FDAC7C26452C5700306E83 /* Sources */ = {
			isa = PBXSourcesBuildPhase;
			buildActionMask = 2147483647;
			files = (
				3585DB172646878900992750 /* Constants .swift in Sources */,
				35FDAC8D26452C5A00306E83 /* Persistence.swift in Sources */,
				35FDAC8626452C5700306E83 /* ContentView.swift in Sources */,
				35FDAC9026452C5A00306E83 /* Devote.xcdatamodeld in Sources */,
				35FDAC8426452C5700306E83 /* DevoteApp.swift in Sources */,
			);
			runOnlyForDeploymentPostprocessing = 0;
		};
/* End PBXSourcesBuildPhase section */

/* Begin XCBuildConfiguration section */
		35FDAC9226452C5A00306E83 /* Debug */ = {
			isa = XCBuildConfiguration;
			buildSettings = {
				ALWAYS_SEARCH_USER_PATHS = NO;
				CLANG_ANALYZER_NONNULL = YES;
				CLANG_ANALYZER_NUMBER_OBJECT_CONVERSION = YES_AGGRESSIVE;
				CLANG_CXX_LANGUAGE_STANDARD = "gnu++14";
				CLANG_CXX_LIBRARY = "libc++";
				CLANG_ENABLE_MODULES = YES;
				CLANG_ENABLE_OBJC_ARC = YES;
				CLANG_ENABLE_OBJC_WEAK = YES;
				CLANG_WARN_BLOCK_CAPTURE_AUTORELEASING = YES;
				CLANG_WARN_BOOL_CONVERSION = YES;
				CLANG_WARN_COMMA = YES;
				CLANG_WARN_CONSTANT_CONVERSION = YES;
				CLANG_WARN_DEPRECATED_OBJC_IMPLEMENTATIONS = YES;
				CLANG_WARN_DIRECT_OBJC_ISA_USAGE = YES_ERROR;
				CLANG_WARN_DOCUMENTATION_COMMENTS = YES;
				CLANG_WARN_EMPTY_BODY = YES;
				CLANG_WARN_ENUM_CONVERSION = YES;
				CLANG_WARN_INFINITE_RECURSION = YES;
				CLANG_WARN_INT_CONVERSION = YES;
				CLANG_WARN_NON_LITERAL_NULL_CONVERSION = YES;
				CLANG_WARN_OBJC_IMPLICIT_RETAIN_SELF = YES;
				CLANG_WARN_OBJC_LITERAL_CONVERSION = YES;
				CLANG_WARN_OBJC_ROOT_CLASS = YES_ERROR;
				CLANG_WARN_QUOTED_INCLUDE_IN_FRAMEWORK_HEADER = YES;
				CLANG_WARN_RANGE_LOOP_ANALYSIS = YES;
				CLANG_WARN_STRICT_PROTOTYPES = YES;
				CLANG_WARN_SUSPICIOUS_MOVE = YES;
				CLANG_WARN_UNGUARDED_AVAILABILITY = YES_AGGRESSIVE;
				CLANG_WARN_UNREACHABLE_CODE = YES;
				CLANG_WARN__DUPLICATE_METHOD_MATCH = YES;
				COPY_PHASE_STRIP = NO;
				DEBUG_INFORMATION_FORMAT = dwarf;
				ENABLE_STRICT_OBJC_MSGSEND = YES;
				ENABLE_TESTABILITY = YES;
				GCC_C_LANGUAGE_STANDARD = gnu11;
				GCC_DYNAMIC_NO_PIC = NO;
				GCC_NO_COMMON_BLOCKS = YES;
				GCC_OPTIMIZATION_LEVEL = 0;
				GCC_PREPROCESSOR_DEFINITIONS = (
					"DEBUG=1",
					"$(inherited)",
				);
				GCC_WARN_64_TO_32_BIT_CONVERSION = YES;
				GCC_WARN_ABOUT_RETURN_TYPE = YES_ERROR;
				GCC_WARN_UNDECLARED_SELECTOR = YES;
				GCC_WARN_UNINITIALIZED_AUTOS = YES_AGGRESSIVE;
				GCC_WARN_UNUSED_FUNCTION = YES;
				GCC_WARN_UNUSED_VARIABLE = YES;
				IPHONEOS_DEPLOYMENT_TARGET = 14.5;
				MTL_ENABLE_DEBUG_INFO = INCLUDE_SOURCE;
				MTL_FAST_MATH = YES;
				ONLY_ACTIVE_ARCH = YES;
				SDKROOT = iphoneos;
				SWIFT_ACTIVE_COMPILATION_CONDITIONS = DEBUG;
				SWIFT_OPTIMIZATION_LEVEL = "-Onone";
			};
			name = Debug;
		};
		35FDAC9326452C5A00306E83 /* Release */ = {
			isa = XCBuildConfiguration;
			buildSettings = {
				ALWAYS_SEARCH_USER_PATHS = NO;
				CLANG_ANALYZER_NONNULL = YES;
				CLANG_ANALYZER_NUMBER_OBJECT_CONVERSION = YES_AGGRESSIVE;
				CLANG_CXX_LANGUAGE_STANDARD = "gnu++14";
				CLANG_CXX_LIBRARY = "libc++";
				CLANG_ENABLE_MODULES = YES;
				CLANG_ENABLE_OBJC_ARC = YES;
				CLANG_ENABLE_OBJC_WEAK = YES;
				CLANG_WARN_BLOCK_CAPTURE_AUTORELEASING = YES;
				CLANG_WARN_BOOL_CONVERSION = YES;
				CLANG_WARN_COMMA = YES;
				CLANG_WARN_CONSTANT_CONVERSION = YES;
				CLANG_WARN_DEPRECATED_OBJC_IMPLEMENTATIONS = YES;
				CLANG_WARN_DIRECT_OBJC_ISA_USAGE = YES_ERROR;
				CLANG_WARN_DOCUMENTATION_COMMENTS = YES;
				CLANG_WARN_EMPTY_BODY = YES;
				CLANG_WARN_ENUM_CONVERSION = YES;
				CLANG_WARN_INFINITE_RECURSION = YES;
				CLANG_WARN_INT_CONVERSION = YES;
				CLANG_WARN_NON_LITERAL_NULL_CONVERSION = YES;
				CLANG_WARN_OBJC_IMPLICIT_RETAIN_SELF = YES;
				CLANG_WARN_OBJC_LITERAL_CONVERSION = YES;
				CLANG_WARN_OBJC_ROOT_CLASS = YES_ERROR;
				CLANG_WARN_QUOTED_INCLUDE_IN_FRAMEWORK_HEADER = YES;
				CLANG_WARN_RANGE_LOOP_ANALYSIS = YES;
				CLANG_WARN_STRICT_PROTOTYPES = YES;
				CLANG_WARN_SUSPICIOUS_MOVE = YES;
				CLANG_WARN_UNGUARDED_AVAILABILITY = YES_AGGRESSIVE;
				CLANG_WARN_UNREACHABLE_CODE = YES;
				CLANG_WARN__DUPLICATE_METHOD_MATCH = YES;
				COPY_PHASE_STRIP = NO;
				DEBUG_INFORMATION_FORMAT = "dwarf-with-dsym";
				ENABLE_NS_ASSERTIONS = NO;
				ENABLE_STRICT_OBJC_MSGSEND = YES;
				GCC_C_LANGUAGE_STANDARD = gnu11;
				GCC_NO_COMMON_BLOCKS = YES;
				GCC_WARN_64_TO_32_BIT_CONVERSION = YES;
				GCC_WARN_ABOUT_RETURN_TYPE = YES_ERROR;
				GCC_WARN_UNDECLARED_SELECTOR = YES;
				GCC_WARN_UNINITIALIZED_AUTOS = YES_AGGRESSIVE;
				GCC_WARN_UNUSED_FUNCTION = YES;
				GCC_WARN_UNUSED_VARIABLE = YES;
				IPHONEOS_DEPLOYMENT_TARGET = 14.5;
				MTL_ENABLE_DEBUG_INFO = NO;
				MTL_FAST_MATH = YES;
				SDKROOT = iphoneos;
				SWIFT_COMPILATION_MODE = wholemodule;
				SWIFT_OPTIMIZATION_LEVEL = "-O";
				VALIDATE_PRODUCT = YES;
			};
			name = Release;
		};
		35FDAC9526452C5A00306E83 /* Debug */ = {
			isa = XCBuildConfiguration;
			buildSettings = {
				ASSETCATALOG_COMPILER_APPICON_NAME = AppIcon;
				ASSETCATALOG_COMPILER_GLOBAL_ACCENT_COLOR_NAME = AccentColor;
				CODE_SIGN_STYLE = Automatic;
				DEVELOPMENT_ASSET_PATHS = "\"Devote/Preview Content\"";
				DEVELOPMENT_TEAM = 3P96VF2954;
				ENABLE_PREVIEWS = YES;
				INFOPLIST_FILE = Devote/Info.plist;
				IPHONEOS_DEPLOYMENT_TARGET = 14.0;
				LD_RUNPATH_SEARCH_PATHS = (
					"$(inherited)",
					"@executable_path/Frameworks",
				);
				PRODUCT_BUNDLE_IDENTIFIER = tech.vatanachhorn.Devote;
				PRODUCT_NAME = "$(TARGET_NAME)";
				SWIFT_VERSION = 5.0;
				TARGETED_DEVICE_FAMILY = "1,2";
			};
			name = Debug;
		};
		35FDAC9626452C5A00306E83 /* Release */ = {
			isa = XCBuildConfiguration;
			buildSettings = {
				ASSETCATALOG_COMPILER_APPICON_NAME = AppIcon;
				ASSETCATALOG_COMPILER_GLOBAL_ACCENT_COLOR_NAME = AccentColor;
				CODE_SIGN_STYLE = Automatic;
				DEVELOPMENT_ASSET_PATHS = "\"Devote/Preview Content\"";
				DEVELOPMENT_TEAM = 3P96VF2954;
				ENABLE_PREVIEWS = YES;
				INFOPLIST_FILE = Devote/Info.plist;
				IPHONEOS_DEPLOYMENT_TARGET = 14.0;
				LD_RUNPATH_SEARCH_PATHS = (
					"$(inherited)",
					"@executable_path/Frameworks",
				);
				PRODUCT_BUNDLE_IDENTIFIER = tech.vatanachhorn.Devote;
				PRODUCT_NAME = "$(TARGET_NAME)";
				SWIFT_VERSION = 5.0;
				TARGETED_DEVICE_FAMILY = "1,2";
			};
			name = Release;
		};
/* End XCBuildConfiguration section */

/* Begin XCConfigurationList section */
		35FDAC7B26452C5700306E83 /* Build configuration list for PBXProject "Devote" */ = {
			isa = XCConfigurationList;
			buildConfigurations = (
				35FDAC9226452C5A00306E83 /* Debug */,
				35FDAC9326452C5A00306E83 /* Release */,
			);
			defaultConfigurationIsVisible = 0;
			defaultConfigurationName = Release;
		};
		35FDAC9426452C5A00306E83 /* Build configuration list for PBXNativeTarget "Devote" */ = {
			isa = XCConfigurationList;
			buildConfigurations = (
				35FDAC9526452C5A00306E83 /* Debug */,
				35FDAC9626452C5A00306E83 /* Release */,
			);
			defaultConfigurationIsVisible = 0;
			defaultConfigurationName = Release;
		};
/* End XCConfigurationList section */

/* Begin XCVersionGroup section */
		35FDAC8E26452C5A00306E83 /* Devote.xcdatamodeld */ = {
			isa = XCVersionGroup;
			children = (
				35FDAC8F26452C5A00306E83 /* Devote.xcdatamodel */,
			);
			currentVersion = 35FDAC8F26452C5A00306E83 /* Devote.xcdatamodel */;
			path = Devote.xcdatamodeld;
			sourceTree = "<group>";
			versionGroupType = wrapper.xcdatamodel;
		};
/* End XCVersionGroup section */
	};
	rootObject = 35FDAC7826452C5700306E83 /* Project object */;
}
